// !$*UTF8*$!
{
	archiveVersion = 1;
	classes = {
	};
	objectVersion = 46;
	objects = {

/* Begin PBXBuildFile section */
		7E3BAF2D1B3CB4B200A04823 /* AppDelegate.swift in Sources */ = {isa = PBXBuildFile; fileRef = 7E3BAF2C1B3CB4B200A04823 /* AppDelegate.swift */; };
		7E3BAF2F1B3CB4B200A04823 /* ViewController.swift in Sources */ = {isa = PBXBuildFile; fileRef = 7E3BAF2E1B3CB4B200A04823 /* ViewController.swift */; };
		7E3BAF321B3CB4B200A04823 /* Main.storyboard in Resources */ = {isa = PBXBuildFile; fileRef = 7E3BAF301B3CB4B200A04823 /* Main.storyboard */; };
		7E3BAF341B3CB4B200A04823 /* Images.xcassets in Resources */ = {isa = PBXBuildFile; fileRef = 7E3BAF331B3CB4B200A04823 /* Images.xcassets */; };
		7E3BAF371B3CB4B200A04823 /* LaunchScreen.xib in Resources */ = {isa = PBXBuildFile; fileRef = 7E3BAF351B3CB4B200A04823 /* LaunchScreen.xib */; };
		7E3BAF431B3CB4B200A04823 /* APIv3Tests.swift in Sources */ = {isa = PBXBuildFile; fileRef = 7E3BAF421B3CB4B200A04823 /* APIv3Tests.swift */; };
		7E3BAF4D1B3CB4C900A04823 /* SwiftyJSON.swift in Sources */ = {isa = PBXBuildFile; fileRef = 7E3BAF4C1B3CB4C900A04823 /* SwiftyJSON.swift */; };
		7E3BAF4F1B3CB4E200A04823 /* RestAPIManager.swift in Sources */ = {isa = PBXBuildFile; fileRef = 7E3BAF4E1B3CB4E200A04823 /* RestAPIManager.swift */; };
/* End PBXBuildFile section */

/* Begin PBXContainerItemProxy section */
		7E3BAF3D1B3CB4B200A04823 /* PBXContainerItemProxy */ = {
			isa = PBXContainerItemProxy;
			containerPortal = 7E3BAF1F1B3CB4B200A04823 /* Project object */;
			proxyType = 1;
			remoteGlobalIDString = 7E3BAF261B3CB4B200A04823;
			remoteInfo = APIv3;
		};
/* End PBXContainerItemProxy section */

/* Begin PBXFileReference section */
		7E3BAF271B3CB4B200A04823 /* APIv3.app */ = {isa = PBXFileReference; explicitFileType = wrapper.application; includeInIndex = 0; path = APIv3.app; sourceTree = BUILT_PRODUCTS_DIR; };
		7E3BAF2B1B3CB4B200A04823 /* Info.plist */ = {isa = PBXFileReference; lastKnownFileType = text.plist.xml; path = Info.plist; sourceTree = "<group>"; };
		7E3BAF2C1B3CB4B200A04823 /* AppDelegate.swift */ = {isa = PBXFileReference; lastKnownFileType = sourcecode.swift; path = AppDelegate.swift; sourceTree = "<group>"; };
		7E3BAF2E1B3CB4B200A04823 /* ViewController.swift */ = {isa = PBXFileReference; lastKnownFileType = sourcecode.swift; path = ViewController.swift; sourceTree = "<group>"; };
		7E3BAF311B3CB4B200A04823 /* Base */ = {isa = PBXFileReference; lastKnownFileType = file.storyboard; name = Base; path = Base.lproj/Main.storyboard; sourceTree = "<group>"; };
		7E3BAF331B3CB4B200A04823 /* Images.xcassets */ = {isa = PBXFileReference; lastKnownFileType = folder.assetcatalog; path = Images.xcassets; sourceTree = "<group>"; };
		7E3BAF361B3CB4B200A04823 /* Base */ = {isa = PBXFileReference; lastKnownFileType = file.xib; name = Base; path = Base.lproj/LaunchScreen.xib; sourceTree = "<group>"; };
		7E3BAF3C1B3CB4B200A04823 /* APIv3Tests.xctest */ = {isa = PBXFileReference; explicitFileType = wrapper.cfbundle; includeInIndex = 0; path = APIv3Tests.xctest; sourceTree = BUILT_PRODUCTS_DIR; };
		7E3BAF411B3CB4B200A04823 /* Info.plist */ = {isa = PBXFileReference; lastKnownFileType = text.plist.xml; path = Info.plist; sourceTree = "<group>"; };
		7E3BAF421B3CB4B200A04823 /* APIv3Tests.swift */ = {isa = PBXFileReference; lastKnownFileType = sourcecode.swift; path = APIv3Tests.swift; sourceTree = "<group>"; };
		7E3BAF4C1B3CB4C900A04823 /* SwiftyJSON.swift */ = {isa = PBXFileReference; fileEncoding = 4; lastKnownFileType = sourcecode.swift; path = SwiftyJSON.swift; sourceTree = "<group>"; };
		7E3BAF4E1B3CB4E200A04823 /* RestAPIManager.swift */ = {isa = PBXFileReference; fileEncoding = 4; lastKnownFileType = sourcecode.swift; path = RestAPIManager.swift; sourceTree = "<group>"; };
/* End PBXFileReference section */

/* Begin PBXFrameworksBuildPhase section */
		7E3BAF241B3CB4B200A04823 /* Frameworks */ = {
			isa = PBXFrameworksBuildPhase;
			buildActionMask = 2147483647;
			files = (
			);
			runOnlyForDeploymentPostprocessing = 0;
		};
		7E3BAF391B3CB4B200A04823 /* Frameworks */ = {
			isa = PBXFrameworksBuildPhase;
			buildActionMask = 2147483647;
			files = (
			);
			runOnlyForDeploymentPostprocessing = 0;
		};
/* End PBXFrameworksBuildPhase section */

/* Begin PBXGroup section */
		7E3BAF1E1B3CB4B200A04823 = {
			isa = PBXGroup;
			children = (
				7E3BAF291B3CB4B200A04823 /* APIv3 */,
				7E3BAF3F1B3CB4B200A04823 /* APIv3Tests */,
				7E3BAF281B3CB4B200A04823 /* Products */,
			);
			sourceTree = "<group>";
		};
		7E3BAF281B3CB4B200A04823 /* Products */ = {
			isa = PBXGroup;
			children = (
				7E3BAF271B3CB4B200A04823 /* APIv3.app */,
				7E3BAF3C1B3CB4B200A04823 /* APIv3Tests.xctest */,
			);
			name = Products;
			sourceTree = "<group>";
		};
		7E3BAF291B3CB4B200A04823 /* APIv3 */ = {
			isa = PBXGroup;
			children = (
				7E3BAF4E1B3CB4E200A04823 /* RestAPIManager.swift */,
				7E3BAF4C1B3CB4C900A04823 /* SwiftyJSON.swift */,
				7E3BAF2C1B3CB4B200A04823 /* AppDelegate.swift */,
				7E3BAF2E1B3CB4B200A04823 /* ViewController.swift */,
				7E3BAF301B3CB4B200A04823 /* Main.storyboard */,
				7E3BAF331B3CB4B200A04823 /* Images.xcassets */,
				7E3BAF351B3CB4B200A04823 /* LaunchScreen.xib */,
				7E3BAF2A1B3CB4B200A04823 /* Supporting Files */,
			);
			path = APIv3;
			sourceTree = "<group>";
		};
		7E3BAF2A1B3CB4B200A04823 /* Supporting Files */ = {
			isa = PBXGroup;
			children = (
				7E3BAF2B1B3CB4B200A04823 /* Info.plist */,
			);
			name = "Supporting Files";
			sourceTree = "<group>";
		};
		7E3BAF3F1B3CB4B200A04823 /* APIv3Tests */ = {
			isa = PBXGroup;
			children = (
				7E3BAF421B3CB4B200A04823 /* APIv3Tests.swift */,
				7E3BAF401B3CB4B200A04823 /* Supporting Files */,
			);
			path = APIv3Tests;
			sourceTree = "<group>";
		};
		7E3BAF401B3CB4B200A04823 /* Supporting Files */ = {
			isa = PBXGroup;
			children = (
				7E3BAF411B3CB4B200A04823 /* Info.plist */,
			);
			name = "Supporting Files";
			sourceTree = "<group>";
		};
/* End PBXGroup section */

/* Begin PBXNativeTarget section */
		7E3BAF261B3CB4B200A04823 /* APIv3 */ = {
			isa = PBXNativeTarget;
			buildConfigurationList = 7E3BAF461B3CB4B200A04823 /* Build configuration list for PBXNativeTarget "APIv3" */;
			buildPhases = (
				7E3BAF231B3CB4B200A04823 /* Sources */,
				7E3BAF241B3CB4B200A04823 /* Frameworks */,
				7E3BAF251B3CB4B200A04823 /* Resources */,
			);
			buildRules = (
			);
			dependencies = (
			);
			name = APIv3;
			productName = APIv3;
			productReference = 7E3BAF271B3CB4B200A04823 /* APIv3.app */;
			productType = "com.apple.product-type.application";
		};
		7E3BAF3B1B3CB4B200A04823 /* APIv3Tests */ = {
			isa = PBXNativeTarget;
			buildConfigurationList = 7E3BAF491B3CB4B200A04823 /* Build configuration list for PBXNativeTarget "APIv3Tests" */;
			buildPhases = (
				7E3BAF381B3CB4B200A04823 /* Sources */,
				7E3BAF391B3CB4B200A04823 /* Frameworks */,
				7E3BAF3A1B3CB4B200A04823 /* Resources */,
			);
			buildRules = (
			);
			dependencies = (
				7E3BAF3E1B3CB4B200A04823 /* PBXTargetDependency */,
			);
			name = APIv3Tests;
			productName = APIv3Tests;
			productReference = 7E3BAF3C1B3CB4B200A04823 /* APIv3Tests.xctest */;
			productType = "com.apple.product-type.bundle.unit-test";
		};
/* End PBXNativeTarget section */

/* Begin PBXProject section */
		7E3BAF1F1B3CB4B200A04823 /* Project object */ = {
			isa = PBXProject;
			attributes = {
				LastSwiftUpdateCheck = 0700;
				LastUpgradeCheck = 0630;
				ORGANIZATIONNAME = Zekun;
				TargetAttributes = {
					7E3BAF261B3CB4B200A04823 = {
						CreatedOnToolsVersion = 6.3;
					};
					7E3BAF3B1B3CB4B200A04823 = {
						CreatedOnToolsVersion = 6.3;
						TestTargetID = 7E3BAF261B3CB4B200A04823;
					};
				};
			};
			buildConfigurationList = 7E3BAF221B3CB4B200A04823 /* Build configuration list for PBXProject "APIv3" */;
			compatibilityVersion = "Xcode 3.2";
			developmentRegion = English;
			hasScannedForEncodings = 0;
			knownRegions = (
				en,
				Base,
			);
			mainGroup = 7E3BAF1E1B3CB4B200A04823;
			productRefGroup = 7E3BAF281B3CB4B200A04823 /* Products */;
			projectDirPath = "";
			projectRoot = "";
			targets = (
				7E3BAF261B3CB4B200A04823 /* APIv3 */,
				7E3BAF3B1B3CB4B200A04823 /* APIv3Tests */,
			);
		};
/* End PBXProject section */

/* Begin PBXResourcesBuildPhase section */
		7E3BAF251B3CB4B200A04823 /* Resources */ = {
			isa = PBXResourcesBuildPhase;
			buildActionMask = 2147483647;
			files = (
				7E3BAF321B3CB4B200A04823 /* Main.storyboard in Resources */,
				7E3BAF371B3CB4B200A04823 /* LaunchScreen.xib in Resources */,
				7E3BAF341B3CB4B200A04823 /* Images.xcassets in Resources */,
			);
			runOnlyForDeploymentPostprocessing = 0;
		};
		7E3BAF3A1B3CB4B200A04823 /* Resources */ = {
			isa = PBXResourcesBuildPhase;
			buildActionMask = 2147483647;
			files = (
			);
			runOnlyForDeploymentPostprocessing = 0;
		};
/* End PBXResourcesBuildPhase section */

/* Begin PBXSourcesBuildPhase section */
		7E3BAF231B3CB4B200A04823 /* Sources */ = {
			isa = PBXSourcesBuildPhase;
			buildActionMask = 2147483647;
			files = (
				7E3BAF4D1B3CB4C900A04823 /* SwiftyJSON.swift in Sources */,
				7E3BAF2F1B3CB4B200A04823 /* ViewController.swift in Sources */,
				7E3BAF4F1B3CB4E200A04823 /* RestAPIManager.swift in Sources */,
				7E3BAF2D1B3CB4B200A04823 /* AppDelegate.swift in Sources */,
			);
			runOnlyForDeploymentPostprocessing = 0;
		};
		7E3BAF381B3CB4B200A04823 /* Sources */ = {
			isa = PBXSourcesBuildPhase;
			buildActionMask = 2147483647;
			files = (
				7E3BAF431B3CB4B200A04823 /* APIv3Tests.swift in Sources */,
			);
			runOnlyForDeploymentPostprocessing = 0;
		};
/* End PBXSourcesBuildPhase section */

/* Begin PBXTargetDependency section */
		7E3BAF3E1B3CB4B200A04823 /* PBXTargetDependency */ = {
			isa = PBXTargetDependency;
			target = 7E3BAF261B3CB4B200A04823 /* APIv3 */;
			targetProxy = 7E3BAF3D1B3CB4B200A04823 /* PBXContainerItemProxy */;
		};
/* End PBXTargetDependency section */

/* Begin PBXVariantGroup section */
		7E3BAF301B3CB4B200A04823 /* Main.storyboard */ = {
			isa = PBXVariantGroup;
			children = (
				7E3BAF311B3CB4B200A04823 /* Base */,
			);
			name = Main.storyboard;
			sourceTree = "<group>";
		};
		7E3BAF351B3CB4B200A04823 /* LaunchScreen.xib */ = {
			isa = PBXVariantGroup;
			children = (
				7E3BAF361B3CB4B200A04823 /* Base */,
			);
			name = LaunchScreen.xib;
			sourceTree = "<group>";
		};
/* End PBXVariantGroup section */

/* Begin XCBuildConfiguration section */
		7E3BAF441B3CB4B200A04823 /* Debug */ = {
			isa = XCBuildConfiguration;
			buildSettings = {
				ALWAYS_SEARCH_USER_PATHS = NO;
				CLANG_CXX_LANGUAGE_STANDARD = "gnu++0x";
				CLANG_CXX_LIBRARY = "libc++";
				CLANG_ENABLE_MODULES = YES;
				CLANG_ENABLE_OBJC_ARC = YES;
				CLANG_WARN_BOOL_CONVERSION = YES;
				CLANG_WARN_CONSTANT_CONVERSION = YES;
				CLANG_WARN_DIRECT_OBJC_ISA_USAGE = YES_ERROR;
				CLANG_WARN_EMPTY_BODY = YES;
				CLANG_WARN_ENUM_CONVERSION = YES;
				CLANG_WARN_INT_CONVERSION = YES;
				CLANG_WARN_OBJC_ROOT_CLASS = YES_ERROR;
				CLANG_WARN_UNREACHABLE_CODE = YES;
				CLANG_WARN__DUPLICATE_METHOD_MATCH = YES;
				"CODE_SIGN_IDENTITY[sdk=iphoneos*]" = "iPhone Developer";
				COPY_PHASE_STRIP = NO;
				DEBUG_INFORMATION_FORMAT = "dwarf-with-dsym";
				ENABLE_STRICT_OBJC_MSGSEND = YES;
				GCC_C_LANGUAGE_STANDARD = gnu99;
				GCC_DYNAMIC_NO_PIC = NO;
				GCC_NO_COMMON_BLOCKS = YES;
				GCC_OPTIMIZATION_LEVEL = 0;
				GCC_PREPROCESSOR_DEFINITIONS = (
					"DEBUG=1",
					"$(inherited)",
				);
				GCC_SYMBOLS_PRIVATE_EXTERN = NO;
				GCC_WARN_64_TO_32_BIT_CONVERSION = YES;
				GCC_WARN_ABOUT_RETURN_TYPE = YES_ERROR;
				GCC_WARN_UNDECLARED_SELECTOR = YES;
				GCC_WARN_UNINITIALIZED_AUTOS = YES_AGGRESSIVE;
				GCC_WARN_UNUSED_FUNCTION = YES;
				GCC_WARN_UNUSED_VARIABLE = YES;
				IPHONEOS_DEPLOYMENT_TARGET = 8.3;
				MTL_ENABLE_DEBUG_INFO = YES;
				ONLY_ACTIVE_ARCH = YES;
				SDKROOT = iphoneos;
				SWIFT_OPTIMIZATION_LEVEL = "-Onone";
			};
			name = Debug;
		};
		7E3BAF451B3CB4B200A04823 /* Release */ = {
			isa = XCBuildConfiguration;
			buildSettings = {
				ALWAYS_SEARCH_USER_PATHS = NO;
				CLANG_CXX_LANGUAGE_STANDARD = "gnu++0x";
				CLANG_CXX_LIBRARY = "libc++";
				CLANG_ENABLE_MODULES = YES;
				CLANG_ENABLE_OBJC_ARC = YES;
				CLANG_WARN_BOOL_CONVERSION = YES;
				CLANG_WARN_CONSTANT_CONVERSION = YES;
				CLANG_WARN_DIRECT_OBJC_ISA_USAGE = YES_ERROR;
				CLANG_WARN_EMPTY_BODY = YES;
				CLANG_WARN_ENUM_CONVERSION = YES;
				CLANG_WARN_INT_CONVERSION = YES;
				CLANG_WARN_OBJC_ROOT_CLASS = YES_ERROR;
				CLANG_WARN_UNREACHABLE_CODE = YES;
				CLANG_WARN__DUPLICATE_METHOD_MATCH = YES;
				"CODE_SIGN_IDENTITY[sdk=iphoneos*]" = "iPhone Developer";
				COPY_PHASE_STRIP = NO;
				DEBUG_INFORMATION_FORMAT = "dwarf-with-dsym";
				ENABLE_NS_ASSERTIONS = NO;
				ENABLE_STRICT_OBJC_MSGSEND = YES;
				GCC_C_LANGUAGE_STANDARD = gnu99;
				GCC_NO_COMMON_BLOCKS = YES;
				GCC_WARN_64_TO_32_BIT_CONVERSION = YES;
				GCC_WARN_ABOUT_RETURN_TYPE = YES_ERROR;
				GCC_WARN_UNDECLARED_SELECTOR = YES;
				GCC_WARN_UNINITIALIZED_AUTOS = YES_AGGRESSIVE;
				GCC_WARN_UNUSED_FUNCTION = YES;
				GCC_WARN_UNUSED_VARIABLE = YES;
				IPHONEOS_DEPLOYMENT_TARGET = 8.3;
				MTL_ENABLE_DEBUG_INFO = NO;
				SDKROOT = iphoneos;
				VALIDATE_PRODUCT = YES;
			};
			name = Release;
		};
		7E3BAF471B3CB4B200A04823 /* Debug */ = {
			isa = XCBuildConfiguration;
			buildSettings = {
				ASSETCATALOG_COMPILER_APPICON_NAME = AppIcon;
				INFOPLIST_FILE = APIv3/Info.plist;
				LD_RUNPATH_SEARCH_PATHS = "$(inherited) @executable_path/Frameworks";
				PRODUCT_NAME = "$(TARGET_NAME)";
			};
			name = Debug;
		};
		7E3BAF481B3CB4B200A04823 /* Release */ = {
			isa = XCBuildConfiguration;
			buildSettings = {
				ASSETCATALOG_COMPILER_APPICON_NAME = AppIcon;
				INFOPLIST_FILE = APIv3/Info.plist;
				LD_RUNPATH_SEARCH_PATHS = "$(inherited) @executable_path/Frameworks";
				PRODUCT_NAME = "$(TARGET_NAME)";
			};
			name = Release;
		};
		7E3BAF4A1B3CB4B200A04823 /* Debug */ = {
			isa = XCBuildConfiguration;
			buildSettings = {
				BUNDLE_LOADER = "$(TEST_HOST)";
				FRAMEWORK_SEARCH_PATHS = (
					"$(SDKROOT)/Developer/Library/Frameworks",
					"$(inherited)",
				);
				GCC_PREPROCESSOR_DEFINITIONS = (
					"DEBUG=1",
					"$(inherited)",
				);
				INFOPLIST_FILE = APIv3Tests/Info.plist;
				LD_RUNPATH_SEARCH_PATHS = "$(inherited) @executable_path/Frameworks @loader_path/Frameworks";
				PRODUCT_NAME = "$(TARGET_NAME)";
				TEST_HOST = "$(BUILT_PRODUCTS_DIR)/APIv3.app/APIv3";
			};
			name = Debug;
		};
		7E3BAF4B1B3CB4B200A04823 /* Release */ = {
			isa = XCBuildConfiguration;
			buildSettings = {
				BUNDLE_LOADER = "$(TEST_HOST)";
				FRAMEWORK_SEARCH_PATHS = (
					"$(SDKROOT)/Developer/Library/Frameworks",
					"$(inherited)",
				);
				INFOPLIST_FILE = APIv3Tests/Info.plist;
				LD_RUNPATH_SEARCH_PATHS = "$(inherited) @executable_path/Frameworks @loader_path/Frameworks";
				PRODUCT_NAME = "$(TARGET_NAME)";
				TEST_HOST = "$(BUILT_PRODUCTS_DIR)/APIv3.app/APIv3";
			};
			name = Release;
		};
/* End XCBuildConfiguration section */

/* Begin XCConfigurationList section */
		7E3BAF221B3CB4B200A04823 /* Build configuration list for PBXProject "APIv3" */ = {
			isa = XCConfigurationList;
			buildConfigurations = (
				7E3BAF441B3CB4B200A04823 /* Debug */,
				7E3BAF451B3CB4B200A04823 /* Release */,
			);
			defaultConfigurationIsVisible = 0;
			defaultConfigurationName = Release;
		};
		7E3BAF461B3CB4B200A04823 /* Build configuration list for PBXNativeTarget "APIv3" */ = {
			isa = XCConfigurationList;
			buildConfigurations = (
				7E3BAF471B3CB4B200A04823 /* Debug */,
				7E3BAF481B3CB4B200A04823 /* Release */,
			);
			defaultConfigurationIsVisible = 0;
			defaultConfigurationName = Release;
		};
		7E3BAF491B3CB4B200A04823 /* Build configuration list for PBXNativeTarget "APIv3Tests" */ = {
			isa = XCConfigurationList;
			buildConfigurations = (
				7E3BAF4A1B3CB4B200A04823 /* Debug */,
				7E3BAF4B1B3CB4B200A04823 /* Release */,
			);
			defaultConfigurationIsVisible = 0;
			defaultConfigurationName = Release;
		};
/* End XCConfigurationList section */
	};
	rootObject = 7E3BAF1F1B3CB4B200A04823 /* Project object */;
}
